# This file was autogenerated by uv via the following command:
#    uv pip compile --extra dev --constraint requirements.lock -o requirements-dev.lock /home/jahn/Codes/pspm/pyproject.toml
click==8.1.7
    # via
    #   -c requirements.lock
    #   typer
iniconfig==2.0.0
    # via pytest
jinja2==3.1.4
    # via
    #   -c requirements.lock
    #   pspm (pyproject.toml)
markdown-it-py==3.0.0
    # via
    #   -c requirements.lock
    #   rich
markupsafe==2.1.5
    # via
    #   -c requirements.lock
    #   jinja2
mdurl==0.1.2
    # via
    #   -c requirements.lock
    #   markdown-it-py
packaging==24.1
    # via pytest
pluggy==1.5.0
    # via pytest
pygments==2.18.0
    # via
    #   -c requirements.lock
    #   rich
pytest==8.3.2
    # via pspm (pyproject.toml)
python-dotenv==1.0.1
    # via
    #   -c requirements.lock
    #   pspm (pyproject.toml)
rich==13.7.1
    # via
    #   -c requirements.lock
    #   typer
shellingham==1.5.4
    # via
    #   -c requirements.lock
    #   typer
tomli==2.0.1
    # via
    #   -c requirements.lock
    #   pspm (pyproject.toml)
tomli-w==1.0.0
    # via
    #   -c requirements.lock
    #   pspm (pyproject.toml)
typer==0.12.3
    # via
    #   -c requirements.lock
    #   pspm (pyproject.toml)
typing-extensions==4.12.2
    # via
    #   -c requirements.lock
    #   typer
uv==0.2.36
    # via
    #   -c requirements.lock
    #   pspm (pyproject.toml)
