# This file was autogenerated by uv via the following command:
#    uv pip compile -o requirements.lock /home/jahn/Codes/pspm/pyproject.toml
annotated-types==0.7.0
    # via pydantic
click==8.1.7
    # via typer
colorama==0.4.6
    # via copier
copier==9.3.1
    # via pspm (pyproject.toml)
dunamai==1.22.0
    # via copier
funcy==2.0
    # via copier
jinja2==3.1.4
    # via
    #   copier
    #   jinja2-ansible-filters
jinja2-ansible-filters==1.3.2
    # via copier
markdown-it-py==3.0.0
    # via rich
markupsafe==2.1.5
    # via jinja2
mdurl==0.1.2
    # via markdown-it-py
packaging==24.1
    # via
    #   copier
    #   dunamai
pathspec==0.12.1
    # via copier
plumbum==1.8.3
    # via copier
prompt-toolkit==3.0.36
    # via questionary
pydantic==2.8.2
    # via copier
pydantic-core==2.20.1
    # via pydantic
pygments==2.18.0
    # via
    #   copier
    #   rich
pyyaml==6.0.2
    # via
    #   copier
    #   jinja2-ansible-filters
questionary==2.0.1
    # via copier
rich==13.7.1
    # via typer
shellingham==1.5.4
    # via typer
tomli-w==1.0.0
    # via pspm (pyproject.toml)
typer==0.12.4
    # via pspm (pyproject.toml)
typing-extensions==4.12.2
    # via
    #   pydantic
    #   pydantic-core
    #   typer
uv==0.2.37
    # via pspm (pyproject.toml)
wcwidth==0.2.13
    # via prompt-toolkit
