# This file was autogenerated by uv via the following command:
#    uv pip compile --extra docs --constraint requirements.lock -o requirements-docs.lock /home/jahn/Codes/pspm/pyproject.toml
annotated-types==0.7.0
    # via
    #   -c requirements.lock
    #   pydantic
babel==2.16.0
    # via mkdocs-material
bracex==2.5
    # via wcmatch
certifi==2024.7.4
    # via requests
charset-normalizer==3.3.2
    # via requests
click==8.1.7
    # via
    #   -c requirements.lock
    #   mkdocs
    #   typer
colorama==0.4.6
    # via
    #   -c requirements.lock
    #   copier
    #   mkdocs-material
copier==9.3.1
    # via
    #   -c requirements.lock
    #   pspm (pyproject.toml)
dunamai==1.22.0
    # via
    #   -c requirements.lock
    #   copier
funcy==2.0
    # via
    #   -c requirements.lock
    #   copier
ghp-import==2.1.0
    # via mkdocs
idna==3.7
    # via requests
jinja2==3.1.4
    # via
    #   -c requirements.lock
    #   copier
    #   jinja2-ansible-filters
    #   mkdocs
    #   mkdocs-material
jinja2-ansible-filters==1.3.2
    # via
    #   -c requirements.lock
    #   copier
markdown==3.7
    # via
    #   markdown-gfm-admonition
    #   mkdocs
    #   mkdocs-material
    #   pymdown-extensions
markdown-gfm-admonition==0.1.1
    # via pspm (pyproject.toml)
markdown-it-py==3.0.0
    # via
    #   -c requirements.lock
    #   rich
markupsafe==2.1.5
    # via
    #   -c requirements.lock
    #   jinja2
    #   mkdocs
mdurl==0.1.2
    # via
    #   -c requirements.lock
    #   markdown-it-py
mergedeep==1.3.4
    # via
    #   mkdocs
    #   mkdocs-get-deps
mkdocs==1.6.0
    # via
    #   pspm (pyproject.toml)
    #   mkdocs-awesome-pages-plugin
    #   mkdocs-material
mkdocs-awesome-pages-plugin==2.9.3
    # via pspm (pyproject.toml)
mkdocs-get-deps==0.2.0
    # via mkdocs
mkdocs-material==9.5.31
    # via pspm (pyproject.toml)
mkdocs-material-extensions==1.3.1
    # via mkdocs-material
natsort==8.4.0
    # via mkdocs-awesome-pages-plugin
packaging==24.1
    # via
    #   -c requirements.lock
    #   copier
    #   dunamai
    #   mkdocs
paginate==0.5.6
    # via mkdocs-material
pathspec==0.12.1
    # via
    #   -c requirements.lock
    #   copier
    #   mkdocs
platformdirs==4.2.2
    # via mkdocs-get-deps
plumbum==1.8.3
    # via
    #   -c requirements.lock
    #   copier
prompt-toolkit==3.0.36
    # via
    #   -c requirements.lock
    #   questionary
pydantic==2.8.2
    # via
    #   -c requirements.lock
    #   copier
pydantic-core==2.20.1
    # via
    #   -c requirements.lock
    #   pydantic
pygments==2.18.0
    # via
    #   -c requirements.lock
    #   copier
    #   mkdocs-material
    #   rich
pymdown-extensions==10.9
    # via mkdocs-material
python-dateutil==2.9.0.post0
    # via ghp-import
pyyaml==6.0.2
    # via
    #   -c requirements.lock
    #   copier
    #   jinja2-ansible-filters
    #   mkdocs
    #   mkdocs-get-deps
    #   pymdown-extensions
    #   pyyaml-env-tag
pyyaml-env-tag==0.1
    # via mkdocs
questionary==2.0.1
    # via
    #   -c requirements.lock
    #   copier
regex==2024.7.24
    # via mkdocs-material
requests==2.32.3
    # via mkdocs-material
rich==13.7.1
    # via
    #   -c requirements.lock
    #   typer
shellingham==1.5.4
    # via
    #   -c requirements.lock
    #   typer
six==1.16.0
    # via python-dateutil
tomli-w==1.0.0
    # via
    #   -c requirements.lock
    #   pspm (pyproject.toml)
typer==0.12.4
    # via
    #   -c requirements.lock
    #   pspm (pyproject.toml)
typing-extensions==4.12.2
    # via
    #   -c requirements.lock
    #   pydantic
    #   pydantic-core
    #   typer
urllib3==2.2.2
    # via requests
uv==0.2.37
    # via
    #   -c requirements.lock
    #   pspm (pyproject.toml)
watchdog==4.0.2
    # via mkdocs
wcmatch==9.0
    # via mkdocs-awesome-pages-plugin
wcwidth==0.2.13
    # via
    #   -c requirements.lock
    #   prompt-toolkit
