# This file was autogenerated by uv via the following command:
#    uv pip compile --extra dev -o requirements-dev.lock pyproject.toml
click==8.1.7
    # via typer
iniconfig==2.0.0
    # via pytest
markdown-it-py==3.0.0
    # via rich
mdurl==0.1.2
    # via markdown-it-py
packaging==24.1
    # via pytest
pluggy==1.5.0
    # via pytest
pygments==2.18.0
    # via rich
pytest==8.3.2
    # via pspm (pyproject.toml)
rich==13.7.1
    # via typer
shellingham==1.5.4
    # via typer
tomli==2.0.1
    # via pspm (pyproject.toml)
tomli-w==1.0.0
    # via pspm (pyproject.toml)
typer==0.12.3
    # via pspm (pyproject.toml)
typing-extensions==4.12.2
    # via typer
uv==0.2.35
    # via pspm (pyproject.toml)
