# This file was autogenerated by uv via the following command:
#    uv pip compile --extra dev -o requirements-dev.lock pyproject.toml
mypy==1.11.1
    # via psdm (pyproject.toml)
mypy-extensions==1.0.0
    # via mypy
ruff==0.5.6
    # via psdm (pyproject.toml)
typing-extensions==4.12.2
    # via mypy
